
Microsoft Visual Studio Solution File, Format Version 12.00
# Visual Studio Version 17
VisualStudioVersion = 17.7.34031.279
MinimumVisualStudioVersion = 10.0.40219.1
Project("{FAE04EC0-301F-11D3-BF4B-00C04F79EFBC}") = "App1.Android", "App1\App1.Android\App1.Android.csproj", "{F256355C-2365-4989-BCF0-9DFDB8231EA0}"
EndProject
Project("{FAE04EC0-301F-11D3-BF4B-00C04F79EFBC}") = "App1", "App1\App1\App1.csproj", "{4448D536-518A-4A99-898A-DB22875DAF60}"
EndProject
Global
	GlobalSection(SolutionConfigurationPlatforms) = preSolution
		Debug|Any CPU = Debug|Any CPU
		Release|Any CPU = Release|Any CPU
	EndGlobalSection
	GlobalSection(ProjectConfigurationPlatforms) = postSolution
		{F256355C-2365-4989-BCF0-9DFDB8231EA0}.Debug|Any CPU.ActiveCfg = Debug|Any CPU
		{F256355C-2365-4989-BCF0-9DFDB8231EA0}.Debug|Any CPU.Build.0 = Debug|Any CPU
		{F256355C-2365-4989-BCF0-9DFDB8231EA0}.Debug|Any CPU.Deploy.0 = Debug|Any CPU
		{F256355C-2365-4989-BCF0-9DFDB8231EA0}.Release|Any CPU.ActiveCfg = Release|Any CPU
		{F256355C-2365-4989-BCF0-9DFDB8231EA0}.Release|Any CPU.Build.0 = Release|Any CPU
		{F256355C-2365-4989-BCF0-9DFDB8231EA0}.Release|Any CPU.Deploy.0 = Release|Any CPU
		{4448D536-518A-4A99-898A-DB22875DAF60}.Debug|Any CPU.ActiveCfg = Debug|Any CPU
		{4448D536-518A-4A99-898A-DB22875DAF60}.Debug|Any CPU.Build.0 = Debug|Any CPU
		{4448D536-518A-4A99-898A-DB22875DAF60}.Debug|Any CPU.Deploy.0 = Debug|Any CPU
		{4448D536-518A-4A99-898A-DB22875DAF60}.Release|Any CPU.ActiveCfg = Release|Any CPU
		{4448D536-518A-4A99-898A-DB22875DAF60}.Release|Any CPU.Build.0 = Release|Any CPU
		{4448D536-518A-4A99-898A-DB22875DAF60}.Release|Any CPU.Deploy.0 = Release|Any CPU
	EndGlobalSection
	GlobalSection(SolutionProperties) = preSolution
		HideSolutionNode = FALSE
	EndGlobalSection
	GlobalSection(ExtensibilityGlobals) = postSolution
		SolutionGuid = {EABBD5B1-7ED4-4E4C-8188-4117ACD6908E}
	EndGlobalSection
EndGlobal
